
Microsoft Visual Studio Solution File, Format Version 12.00
# Visual Studio Version 16
VisualStudioVersion = 16.0.31605.320
MinimumVisualStudioVersion = 10.0.40219.1
Project("{FAE04EC0-301F-11D3-BF4B-00C04F79EFBC}") = "PatternPrinting", "PatternPrinting\PatternPrinting.csproj", "{348B5014-305E-4AB7-8C11-31F9395A6AB3}"
EndProject
Global
	GlobalSection(SolutionConfigurationPlatforms) = preSolution
		Debug|Any CPU = Debug|Any CPU
		Release|Any CPU = Release|Any CPU
	EndGlobalSection
	GlobalSection(ProjectConfigurationPlatforms) = postSolution
		{348B5014-305E-4AB7-8C11-31F9395A6AB3}.Debug|Any CPU.ActiveCfg = Debug|Any CPU
		{348B5014-305E-4AB7-8C11-31F9395A6AB3}.Debug|Any CPU.Build.0 = Debug|Any CPU
		{348B5014-305E-4AB7-8C11-31F9395A6AB3}.Release|Any CPU.ActiveCfg = Release|Any CPU
		{348B5014-305E-4AB7-8C11-31F9395A6AB3}.Release|Any CPU.Build.0 = Release|Any CPU
	EndGlobalSection
	GlobalSection(SolutionProperties) = preSolution
		HideSolutionNode = FALSE
	EndGlobalSection
	GlobalSection(ExtensibilityGlobals) = postSolution
		SolutionGuid = {97401BC4-3498-4F82-BFDE-240223E022D7}
	EndGlobalSection
EndGlobal
